{
  "version": 4,
  "terraform_version": "0.12.24",
  "serial": 13,
  "lineage": "1db119d7-1ffe-1ab0-b8de-e08d8962ea8b",
  "outputs": {},
  "resources": [
    {
      "module": "module.network.module.network_firewall",
      "mode": "data",
      "type": "google_compute_subnetwork",
      "name": "private_subnetwork",
      "provider": "provider.google",
      "instances": [
        {
          "schema_version": 0,
          "attributes": {
            "description": "",
            "gateway_address": "10.0.16.1",
            "id": "projects/tactile-acolyte-282822/regions/us-central1/subnetworks/vasten90-subnetwork-private",
            "ip_cidr_range": "10.0.16.0/20",
            "name": "vasten90-subnetwork-private",
            "network": "https://www.googleapis.com/compute/v1/projects/tactile-acolyte-282822/global/networks/vasten90-network",
            "private_ip_google_access": true,
            "project": "tactile-acolyte-282822",
            "region": "us-central1",
            "secondary_ip_range": [
              {
                "ip_cidr_range": "10.1.16.0/20",
                "range_name": "private-services"
              }
            ],
            "self_link": "https://www.googleapis.com/compute/v1/projects/tactile-acolyte-282822/regions/us-central1/subnetworks/vasten90-subnetwork-private"
          }
        }
      ]
    },
    {
      "module": "module.network.module.network_firewall",
      "mode": "data",
      "type": "google_compute_subnetwork",
      "name": "public_subnetwork",
      "provider": "provider.google",
      "instances": [
        {
          "schema_version": 0,
          "attributes": {
            "description": "",
            "gateway_address": "10.0.0.1",
            "id": "projects/tactile-acolyte-282822/regions/us-central1/subnetworks/vasten90-subnetwork-public",
            "ip_cidr_range": "10.0.0.0/20",
            "name": "vasten90-subnetwork-public",
            "network": "https://www.googleapis.com/compute/v1/projects/tactile-acolyte-282822/global/networks/vasten90-network",
            "private_ip_google_access": true,
            "project": "tactile-acolyte-282822",
            "region": "us-central1",
            "secondary_ip_range": [
              {
                "ip_cidr_range": "10.1.0.0/20",
                "range_name": "public-services"
              }
            ],
            "self_link": "https://www.googleapis.com/compute/v1/projects/tactile-acolyte-282822/regions/us-central1/subnetworks/vasten90-subnetwork-public"
          }
        }
      ]
    },
    {
      "module": "module.network.module.network_firewall",
      "mode": "managed",
      "type": "google_compute_firewall",
      "name": "default",
      "provider": "provider.google",
      "instances": [
        {
          "schema_version": 1,
          "attributes": {
            "allow": [
              {
                "ports": [
                  "22"
                ],
                "protocol": "tcp"
              }
            ],
            "creation_timestamp": "2020-07-30T06:29:18.191-07:00",
            "deny": [],
            "description": "",
            "destination_ranges": [],
            "direction": "INGRESS",
            "disabled": false,
            "enable_logging": false,
            "id": "projects/tactile-acolyte-282822/global/firewalls/vasten90-ssh-public",
            "name": "vasten90-ssh-public",
            "network": "https://www.googleapis.com/compute/v1/projects/tactile-acolyte-282822/global/networks/vasten90-network",
            "priority": 1000,
            "project": "tactile-acolyte-282822",
            "self_link": "https://www.googleapis.com/compute/v1/projects/tactile-acolyte-282822/global/firewalls/vasten90-ssh-public",
            "source_ranges": [
              "0.0.0.0/0"
            ],
            "source_service_accounts": null,
            "source_tags": [
              "vasten90-nat"
            ],
            "target_service_accounts": null,
            "target_tags": null,
            "timeouts": null
          },
          "private": "eyJlMmJmYjczMC1lY2FhLTExZTYtOGY4OC0zNDM2M2JjN2M0YzAiOnsiY3JlYXRlIjoyNDAwMDAwMDAwMDAsImRlbGV0ZSI6MjQwMDAwMDAwMDAwLCJ1cGRhdGUiOjI0MDAwMDAwMDAwMH0sInNjaGVtYV92ZXJzaW9uIjoiMSJ9",
          "dependencies": [
            "module.network.google_compute_network.vpc"
          ]
        }
      ]
    },
    {
      "module": "module.network.module.network_firewall",
      "mode": "managed",
      "type": "google_compute_firewall",
      "name": "default2",
      "provider": "provider.google",
      "instances": [
        {
          "schema_version": 1,
          "attributes": {
            "allow": [
              {
                "ports": [
                  "22"
                ],
                "protocol": "tcp"
              }
            ],
            "creation_timestamp": "2020-07-30T06:30:00.182-07:00",
            "deny": [],
            "description": "",
            "destination_ranges": [],
            "direction": "INGRESS",
            "disabled": false,
            "enable_logging": false,
            "id": "projects/tactile-acolyte-282822/global/firewalls/vasten90-ssh-private",
            "name": "vasten90-ssh-private",
            "network": "https://www.googleapis.com/compute/v1/projects/tactile-acolyte-282822/global/networks/vasten90-network",
            "priority": 1000,
            "project": "tactile-acolyte-282822",
            "self_link": "https://www.googleapis.com/compute/v1/projects/tactile-acolyte-282822/global/firewalls/vasten90-ssh-private",
            "source_ranges": [
              "10.0.0.0/20",
              "10.0.16.0/20"
            ],
            "source_service_accounts": null,
            "source_tags": [
              "vasten90-no-ip"
            ],
            "target_service_accounts": null,
            "target_tags": null,
            "timeouts": null
          },
          "private": "eyJlMmJmYjczMC1lY2FhLTExZTYtOGY4OC0zNDM2M2JjN2M0YzAiOnsiY3JlYXRlIjoyNDAwMDAwMDAwMDAsImRlbGV0ZSI6MjQwMDAwMDAwMDAwLCJ1cGRhdGUiOjI0MDAwMDAwMDAwMH0sInNjaGVtYV92ZXJzaW9uIjoiMSJ9",
          "dependencies": [
            "module.network.google_compute_network.vpc",
            "module.network.google_compute_subnetwork.vpc_subnetwork_private",
            "module.network.google_compute_subnetwork.vpc_subnetwork_public"
          ]
        }
      ]
    },
    {
      "module": "module.network.module.network_firewall",
      "mode": "managed",
      "type": "google_compute_firewall",
      "name": "private_allow_all_network_inbound",
      "provider": "provider.google",
      "instances": [
        {
          "schema_version": 1,
          "attributes": {
            "allow": [
              {
                "ports": [
                  "1-65535"
                ],
                "protocol": "tcp"
              },
              {
                "ports": [
                  "1-65535"
                ],
                "protocol": "udp"
              },
              {
                "ports": [],
                "protocol": "icmp"
              }
            ],
            "creation_timestamp": "2020-07-30T06:29:18.177-07:00",
            "deny": [],
            "description": "",
            "destination_ranges": [],
            "direction": "INGRESS",
            "disabled": false,
            "enable_logging": false,
            "id": "projects/tactile-acolyte-282822/global/firewalls/vasten90-private-allow-ingress",
            "name": "vasten90-private-allow-ingress",
            "network": "https://www.googleapis.com/compute/v1/projects/tactile-acolyte-282822/global/networks/vasten90-network",
            "priority": 1000,
            "project": "tactile-acolyte-282822",
            "self_link": "https://www.googleapis.com/compute/v1/projects/tactile-acolyte-282822/global/firewalls/vasten90-private-allow-ingress",
            "source_ranges": [],
            "source_service_accounts": null,
            "source_tags": [
              "vasten90-nat",
              "vasten90-no-ip"
            ],
            "target_service_accounts": null,
            "target_tags": null,
            "timeouts": null
          },
          "private": "eyJlMmJmYjczMC1lY2FhLTExZTYtOGY4OC0zNDM2M2JjN2M0YzAiOnsiY3JlYXRlIjoyNDAwMDAwMDAwMDAsImRlbGV0ZSI6MjQwMDAwMDAwMDAwLCJ1cGRhdGUiOjI0MDAwMDAwMDAwMH0sInNjaGVtYV92ZXJzaW9uIjoiMSJ9",
          "dependencies": [
            "module.network.google_compute_network.vpc"
          ]
        }
      ]
    },
    {
      "module": "module.gke_cluster",
      "mode": "managed",
      "type": "google_compute_instance",
      "name": "NAT_instance",
      "each": "list",
      "provider": "provider.google",
      "instances": []
    },
    {
      "module": "module.gke_cluster",
      "mode": "managed",
      "type": "google_compute_instance",
      "name": "NAT_instance_ext",
      "each": "list",
      "provider": "provider.google",
      "instances": [
        {
          "index_key": 0,
          "schema_version": 6,
          "attributes": {
            "allow_stopping_for_update": null,
            "attached_disk": [],
            "boot_disk": [
              {
                "auto_delete": true,
                "device_name": "persistent-disk-0",
                "disk_encryption_key_raw": "",
                "disk_encryption_key_sha256": "",
                "initialize_params": [
                  {
                    "image": "https://www.googleapis.com/compute/v1/projects/debian-cloud/global/images/debian-9-stretch-v20200714",
                    "labels": {},
                    "size": 10,
                    "type": "pd-standard"
                  }
                ],
                "kms_key_self_link": "",
                "mode": "READ_WRITE",
                "source": "https://www.googleapis.com/compute/v1/projects/tactile-acolyte-282822/zones/us-central1-a/disks/vasten90-nat-instance"
              }
            ],
            "can_ip_forward": true,
            "cpu_platform": "Intel Haswell",
            "deletion_protection": false,
            "description": "",
            "enable_display": false,
            "guest_accelerator": [],
            "hostname": "",
            "id": "projects/tactile-acolyte-282822/zones/us-central1-a/instances/vasten90-nat-instance",
            "instance_id": "3995878561797862836",
            "label_fingerprint": "WES7O2fCalo=",
            "labels": {
              "deployment_name": "vasten90"
            },
            "machine_type": "n1-standard-1",
            "metadata": null,
            "metadata_fingerprint": "hEsSqhoDhxA=",
            "metadata_startup_script": "sudo mkdir /home/test \u0026\u0026 sudo /bin/sleep 30 \u0026\u0026 sudo sysctl -w net.ipv4.ip_forward=1 \u0026\u0026 sudo iptables -t nat -A POSTROUTING -o $(/sbin/ifconfig | head -1 | awk -F: {'print $1'}) -j MASQUERADE ",
            "min_cpu_platform": "",
            "name": "vasten90-nat-instance",
            "network_interface": [
              {
                "access_config": [
                  {
                    "nat_ip": "104.198.73.251",
                    "network_tier": "PREMIUM",
                    "public_ptr_domain_name": ""
                  }
                ],
                "alias_ip_range": [],
                "name": "nic0",
                "network": "https://www.googleapis.com/compute/v1/projects/tactile-acolyte-282822/global/networks/vasten90-network",
                "network_ip": "10.0.0.2",
                "subnetwork": "https://www.googleapis.com/compute/v1/projects/tactile-acolyte-282822/regions/us-central1/subnetworks/vasten90-subnetwork-public",
                "subnetwork_project": "tactile-acolyte-282822"
              }
            ],
            "project": "tactile-acolyte-282822",
            "scheduling": [
              {
                "automatic_restart": true,
                "node_affinities": [],
                "on_host_maintenance": "MIGRATE",
                "preemptible": false
              }
            ],
            "scratch_disk": [],
            "self_link": "https://www.googleapis.com/compute/v1/projects/tactile-acolyte-282822/zones/us-central1-a/instances/vasten90-nat-instance",
            "service_account": [
              {
                "email": "vasten-service-account@tactile-acolyte-282822.iam.gserviceaccount.com",
                "scopes": [
                  "https://www.googleapis.com/auth/cloud-platform"
                ]
              }
            ],
            "shielded_instance_config": [],
            "tags": [
              "vasten90-nat"
            ],
            "tags_fingerprint": "sgO5l1fKSkU=",
            "timeouts": null,
            "zone": "us-central1-a"
          },
          "private": "eyJlMmJmYjczMC1lY2FhLTExZTYtOGY4OC0zNDM2M2JjN2M0YzAiOnsiY3JlYXRlIjoxMjAwMDAwMDAwMDAwLCJkZWxldGUiOjEyMDAwMDAwMDAwMDAsInVwZGF0ZSI6MTIwMDAwMDAwMDAwMH0sInNjaGVtYV92ZXJzaW9uIjoiNiJ9",
          "dependencies": [
            "module.gke_cluster.null_resource.module_depends_on2",
            "module.network.google_compute_network.vpc",
            "module.network.google_compute_subnetwork.vpc_subnetwork_private",
            "module.network.google_compute_subnetwork.vpc_subnetwork_public",
            "module.network.null_resource.dependency_setter2"
          ]
        }
      ]
    },
    {
      "module": "module.gke_cluster",
      "mode": "managed",
      "type": "google_compute_instance_group_manager",
      "name": "instance_group_manager",
      "each": "list",
      "provider": "provider.google",
      "instances": []
    },
    {
      "module": "module.gke_cluster",
      "mode": "managed",
      "type": "google_compute_instance_template",
      "name": "instance_template",
      "each": "list",
      "provider": "provider.google",
      "instances": []
    },
    {
      "module": "module.network",
      "mode": "managed",
      "type": "google_compute_network",
      "name": "vpc",
      "provider": "provider.google",
      "instances": [
        {
          "schema_version": 0,
          "attributes": {
            "auto_create_subnetworks": false,
            "delete_default_routes_on_create": false,
            "description": "",
            "gateway_ipv4": "",
            "id": "projects/tactile-acolyte-282822/global/networks/vasten90-network",
            "ipv4_range": null,
            "name": "vasten90-network",
            "project": "tactile-acolyte-282822",
            "routing_mode": "REGIONAL",
            "self_link": "https://www.googleapis.com/compute/v1/projects/tactile-acolyte-282822/global/networks/vasten90-network",
            "timeouts": null
          },
          "private": "eyJlMmJmYjczMC1lY2FhLTExZTYtOGY4OC0zNDM2M2JjN2M0YzAiOnsiY3JlYXRlIjoyNDAwMDAwMDAwMDAsImRlbGV0ZSI6MjQwMDAwMDAwMDAwLCJ1cGRhdGUiOjI0MDAwMDAwMDAwMH19"
        }
      ]
    },
    {
      "module": "module.gke_cluster",
      "mode": "managed",
      "type": "google_compute_route",
      "name": "router",
      "each": "list",
      "provider": "provider.google",
      "instances": []
    },
    {
      "module": "module.network",
      "mode": "managed",
      "type": "google_compute_router",
      "name": "vpc_router",
      "provider": "provider.google",
      "instances": [
        {
          "schema_version": 0,
          "attributes": {
            "bgp": [],
            "creation_timestamp": "2020-07-30T06:29:18.324-07:00",
            "description": "",
            "id": "projects/tactile-acolyte-282822/regions/us-central1/routers/vasten90-router",
            "name": "vasten90-router",
            "network": "https://www.googleapis.com/compute/v1/projects/tactile-acolyte-282822/global/networks/vasten90-network",
            "project": "tactile-acolyte-282822",
            "region": "us-central1",
            "self_link": "https://www.googleapis.com/compute/v1/projects/tactile-acolyte-282822/regions/us-central1/routers/vasten90-router",
            "timeouts": null
          },
          "private": "eyJlMmJmYjczMC1lY2FhLTExZTYtOGY4OC0zNDM2M2JjN2M0YzAiOnsiY3JlYXRlIjoyNDAwMDAwMDAwMDAsImRlbGV0ZSI6MjQwMDAwMDAwMDAwLCJ1cGRhdGUiOjI0MDAwMDAwMDAwMH19",
          "dependencies": [
            "module.network.google_compute_network.vpc"
          ]
        }
      ]
    },
    {
      "module": "module.network",
      "mode": "managed",
      "type": "google_compute_subnetwork",
      "name": "vpc_subnetwork_private",
      "provider": "provider.google",
      "instances": [
        {
          "schema_version": 0,
          "attributes": {
            "creation_timestamp": "2020-07-30T06:29:18.382-07:00",
            "description": "",
            "enable_flow_logs": null,
            "fingerprint": null,
            "gateway_address": "10.0.16.1",
            "id": "projects/tactile-acolyte-282822/regions/us-central1/subnetworks/vasten90-subnetwork-private",
            "ip_cidr_range": "10.0.16.0/20",
            "log_config": [],
            "name": "vasten90-subnetwork-private",
            "network": "https://www.googleapis.com/compute/v1/projects/tactile-acolyte-282822/global/networks/vasten90-network",
            "private_ip_google_access": true,
            "project": "tactile-acolyte-282822",
            "region": "us-central1",
            "secondary_ip_range": [
              {
                "ip_cidr_range": "10.1.16.0/20",
                "range_name": "private-services"
              }
            ],
            "self_link": "https://www.googleapis.com/compute/v1/projects/tactile-acolyte-282822/regions/us-central1/subnetworks/vasten90-subnetwork-private",
            "timeouts": null
          },
          "private": "eyJlMmJmYjczMC1lY2FhLTExZTYtOGY4OC0zNDM2M2JjN2M0YzAiOnsiY3JlYXRlIjozNjAwMDAwMDAwMDAsImRlbGV0ZSI6MzYwMDAwMDAwMDAwLCJ1cGRhdGUiOjM2MDAwMDAwMDAwMH19",
          "dependencies": [
            "module.network.google_compute_network.vpc"
          ]
        }
      ]
    },
    {
      "module": "module.network",
      "mode": "managed",
      "type": "google_compute_subnetwork",
      "name": "vpc_subnetwork_public",
      "provider": "provider.google",
      "instances": [
        {
          "schema_version": 0,
          "attributes": {
            "creation_timestamp": "2020-07-30T06:29:18.490-07:00",
            "description": "",
            "enable_flow_logs": null,
            "fingerprint": null,
            "gateway_address": "10.0.0.1",
            "id": "projects/tactile-acolyte-282822/regions/us-central1/subnetworks/vasten90-subnetwork-public",
            "ip_cidr_range": "10.0.0.0/20",
            "log_config": [],
            "name": "vasten90-subnetwork-public",
            "network": "https://www.googleapis.com/compute/v1/projects/tactile-acolyte-282822/global/networks/vasten90-network",
            "private_ip_google_access": true,
            "project": "tactile-acolyte-282822",
            "region": "us-central1",
            "secondary_ip_range": [
              {
                "ip_cidr_range": "10.1.0.0/20",
                "range_name": "public-services"
              }
            ],
            "self_link": "https://www.googleapis.com/compute/v1/projects/tactile-acolyte-282822/regions/us-central1/subnetworks/vasten90-subnetwork-public",
            "timeouts": null
          },
          "private": "eyJlMmJmYjczMC1lY2FhLTExZTYtOGY4OC0zNDM2M2JjN2M0YzAiOnsiY3JlYXRlIjozNjAwMDAwMDAwMDAsImRlbGV0ZSI6MzYwMDAwMDAwMDAwLCJ1cGRhdGUiOjM2MDAwMDAwMDAwMH19",
          "dependencies": [
            "module.network.google_compute_network.vpc"
          ]
        }
      ]
    },
    {
      "module": "module.gke_cluster",
      "mode": "managed",
      "type": "google_filestore_instance",
      "name": "filestore",
      "each": "list",
      "provider": "provider.google",
      "instances": []
    },
    {
      "module": "module.network",
      "mode": "managed",
      "type": "null_resource",
      "name": "dependency_setter2",
      "provider": "provider.null",
      "instances": [
        {
          "schema_version": 0,
          "attributes": {
            "id": "8242214140051663356",
            "triggers": null
          },
          "private": "bnVsbA==",
          "dependencies": [
            "module.network.google_compute_network.vpc",
            "module.network.google_compute_subnetwork.vpc_subnetwork_private",
            "module.network.google_compute_subnetwork.vpc_subnetwork_public"
          ]
        }
      ]
    },
    {
      "module": "module.gke_cluster",
      "mode": "managed",
      "type": "null_resource",
      "name": "module_depends_on2",
      "provider": "provider.null",
      "instances": [
        {
          "schema_version": 0,
          "attributes": {
            "id": "3510913300357431182",
            "triggers": {
              "value": "1"
            }
          },
          "private": "bnVsbA==",
          "dependencies": [
            "module.network.google_compute_network.vpc",
            "module.network.google_compute_subnetwork.vpc_subnetwork_private",
            "module.network.google_compute_subnetwork.vpc_subnetwork_public",
            "module.network.null_resource.dependency_setter2"
          ]
        }
      ]
    }
  ]
}
