{
  "version": 4,
  "terraform_version": "0.12.24",
  "serial": 4,
  "lineage": "869b5f1c-62a7-fa8b-6712-577265db7943",
  "outputs": {},
  "resources": [
    {
      "mode": "managed",
      "type": "google_compute_instance_group_manager",
      "name": "instance_group_manager_ext",
      "each": "list",
      "provider": "provider.google",
      "instances": [
        {
          "index_key": 0,
          "schema_version": 0,
          "attributes": {
            "auto_healing_policies": [],
            "base_instance_name": "vasten90-instance",
            "description": "",
            "fingerprint": "TyAnmFe5T9o=",
            "id": "projects/tactile-acolyte-282822/zones/us-central1-a/instanceGroupManagers/vasten90-instance-group",
            "instance_group": "https://www.googleapis.com/compute/v1/projects/tactile-acolyte-282822/zones/us-central1-a/instanceGroups/vasten90-instance-group",
            "instance_template": null,
            "name": "vasten90-instance-group",
            "named_port": [],
            "project": "tactile-acolyte-282822",
            "self_link": "https://www.googleapis.com/compute/v1/projects/tactile-acolyte-282822/zones/us-central1-a/instanceGroupManagers/vasten90-instance-group",
            "target_pools": null,
            "target_size": 2,
            "timeouts": null,
            "update_policy": [
              {
                "max_surge_fixed": 1,
                "max_surge_percent": 0,
                "max_unavailable_fixed": 1,
                "max_unavailable_percent": 0,
                "min_ready_sec": 0,
                "minimal_action": "REPLACE",
                "type": "OPPORTUNISTIC"
              }
            ],
            "update_strategy": null,
            "version": [
              {
                "instance_template": "https://www.googleapis.com/compute/v1/projects/tactile-acolyte-282822/global/instanceTemplates/vasten90-instance20200730133514496800000001",
                "name": "vasten90-version",
                "target_size": []
              }
            ],
            "wait_for_instances": false,
            "zone": "us-central1-a"
          },
          "private": "eyJlMmJmYjczMC1lY2FhLTExZTYtOGY4OC0zNDM2M2JjN2M0YzAiOnsiY3JlYXRlIjozMDAwMDAwMDAwMDAsImRlbGV0ZSI6OTAwMDAwMDAwMDAwLCJ1cGRhdGUiOjMwMDAwMDAwMDAwMH19",
          "dependencies": [
            "google_compute_instance_template.instance_template_ext"
          ]
        }
      ]
    },
    {
      "mode": "managed",
      "type": "google_compute_instance_template",
      "name": "instance_template_ext",
      "each": "list",
      "provider": "provider.google",
      "instances": [
        {
          "index_key": 0,
          "schema_version": 1,
          "attributes": {
            "can_ip_forward": false,
            "description": "",
            "disk": [
              {
                "auto_delete": true,
                "boot": true,
                "device_name": "persistent-disk-0",
                "disk_encryption_key": [],
                "disk_name": "",
                "disk_size_gb": 0,
                "disk_type": "pd-standard",
                "interface": "SCSI",
                "labels": null,
                "mode": "READ_WRITE",
                "source": "",
                "source_image": "projects/tactile-acolyte-282822/global/images/vasten-2x",
                "type": "PERSISTENT"
              }
            ],
            "enable_display": null,
            "guest_accelerator": [],
            "id": "projects/tactile-acolyte-282822/global/instanceTemplates/vasten90-instance20200730133514496800000001",
            "instance_description": "",
            "labels": {
              "deployment_name": "vasten90"
            },
            "machine_type": "n1-standard-1",
            "metadata": null,
            "metadata_fingerprint": "MdmbRKAd4GU=",
            "metadata_startup_script": "sudo /bin/mkdir /home/test \u0026\u0026 sudo /bin/sleep 30 \u0026\u0026 sudo /bin/mount -t nfs 3.83.227.206:/home/ec2-user/test /home/test \u0026\u0026 sudo /bin/chmod -R 777 /home/test ",
            "min_cpu_platform": "",
            "name": "vasten90-instance20200730133514496800000001",
            "name_prefix": "vasten90-instance",
            "network_interface": [
              {
                "access_config": [],
                "alias_ip_range": [],
                "name": "",
                "network": "https://www.googleapis.com/compute/v1/projects/tactile-acolyte-282822/global/networks/vasten90-network",
                "network_ip": "",
                "subnetwork": "https://www.googleapis.com/compute/v1/projects/tactile-acolyte-282822/regions/us-central1/subnetworks/vasten90-subnetwork-private",
                "subnetwork_project": "tactile-acolyte-282822"
              }
            ],
            "project": "tactile-acolyte-282822",
            "region": "us-central1",
            "scheduling": [
              {
                "automatic_restart": true,
                "node_affinities": [],
                "on_host_maintenance": "MIGRATE",
                "preemptible": false
              }
            ],
            "self_link": "https://www.googleapis.com/compute/beta/projects/tactile-acolyte-282822/global/instanceTemplates/vasten90-instance20200730133514496800000001",
            "service_account": [
              {
                "email": "vasten-service-account@tactile-acolyte-282822.iam.gserviceaccount.com",
                "scopes": [
                  "https://www.googleapis.com/auth/cloud-platform"
                ]
              }
            ],
            "shielded_instance_config": [],
            "tags": [
              "vasten90-no-ip"
            ],
            "tags_fingerprint": "",
            "timeouts": null
          },
          "private": "eyJlMmJmYjczMC1lY2FhLTExZTYtOGY4OC0zNDM2M2JjN2M0YzAiOnsiY3JlYXRlIjoyNDAwMDAwMDAwMDAsImRlbGV0ZSI6MjQwMDAwMDAwMDAwfSwic2NoZW1hX3ZlcnNpb24iOiIxIn0="
        }
      ]
    },
    {
      "mode": "managed",
      "type": "google_compute_route",
      "name": "router_ext",
      "each": "list",
      "provider": "provider.google",
      "instances": [
        {
          "index_key": 0,
          "schema_version": 0,
          "attributes": {
            "description": "",
            "dest_range": "0.0.0.0/0",
            "id": "projects/tactile-acolyte-282822/global/routes/vasten90-route",
            "name": "vasten90-route",
            "network": "https://www.googleapis.com/compute/v1/projects/tactile-acolyte-282822/global/networks/vasten90-network",
            "next_hop_gateway": "",
            "next_hop_ilb": "",
            "next_hop_instance": "projects/tactile-acolyte-282822/zones/us-central1-a/instances/vasten90-nat-instance",
            "next_hop_instance_zone": "us-central1-a",
            "next_hop_ip": "",
            "next_hop_network": "",
            "next_hop_vpn_tunnel": "",
            "priority": 800,
            "project": "tactile-acolyte-282822",
            "self_link": "https://www.googleapis.com/compute/v1/projects/tactile-acolyte-282822/global/routes/vasten90-route",
            "tags": [
              "vasten90-no-ip"
            ],
            "timeouts": null
          },
          "private": "eyJlMmJmYjczMC1lY2FhLTExZTYtOGY4OC0zNDM2M2JjN2M0YzAiOnsiY3JlYXRlIjoyNDAwMDAwMDAwMDAsImRlbGV0ZSI6MjQwMDAwMDAwMDAwfX0=",
          "dependencies": [
            "google_compute_instance_group_manager.instance_group_manager_ext",
            "google_compute_instance_template.instance_template_ext"
          ]
        }
      ]
    }
  ]
}
