{
  "version": 4,
  "terraform_version": "0.12.24",
  "serial": 153,
  "lineage": "c80f5ecc-a5ce-9936-5650-712cebcf7103",
  "outputs": {},
  "resources": [
    {
      "mode": "managed",
      "type": "google_compute_instance_group_manager",
      "name": "instance_group_manager_ext",
      "each": "list",
      "provider": "provider.google",
      "instances": [
        {
          "index_key": 0,
          "schema_version": 0,
          "attributes": {
            "auto_healing_policies": [],
            "base_instance_name": "vasten5x-instance",
            "description": "",
            "fingerprint": "NtmjssBZ1GY=",
            "id": "projects/wired-co-123/zones/us-west2-a/instanceGroupManagers/vasten5x-instance-group",
            "instance_group": "https://www.googleapis.com/compute/v1/projects/wired-co-123/zones/us-west2-a/instanceGroups/vasten5x-instance-group",
            "instance_template": null,
            "name": "vasten5x-instance-group",
            "named_port": [],
            "project": "wired-co-123",
            "self_link": "https://www.googleapis.com/compute/v1/projects/wired-co-123/zones/us-west2-a/instanceGroupManagers/vasten5x-instance-group",
            "target_pools": null,
            "target_size": 2,
            "timeouts": null,
            "update_policy": [
              {
                "max_surge_fixed": 1,
                "max_surge_percent": 0,
                "max_unavailable_fixed": 1,
                "max_unavailable_percent": 0,
                "min_ready_sec": 0,
                "minimal_action": "REPLACE",
                "type": "OPPORTUNISTIC"
              }
            ],
            "update_strategy": null,
            "version": [
              {
                "instance_template": "https://www.googleapis.com/compute/v1/projects/wired-co-123/global/instanceTemplates/vasten5x-instance20200914083359595800000001",
                "name": "vasten5x-version",
                "target_size": []
              }
            ],
            "wait_for_instances": false,
            "zone": "us-west2-a"
          },
          "private": "eyJlMmJmYjczMC1lY2FhLTExZTYtOGY4OC0zNDM2M2JjN2M0YzAiOnsiY3JlYXRlIjozMDAwMDAwMDAwMDAsImRlbGV0ZSI6OTAwMDAwMDAwMDAwLCJ1cGRhdGUiOjMwMDAwMDAwMDAwMH19",
          "dependencies": [
            "google_compute_instance_template.instance_template_ext"
          ]
        }
      ]
    },
    {
      "mode": "managed",
      "type": "google_compute_instance_template",
      "name": "instance_template_ext",
      "each": "list",
      "provider": "provider.google",
      "instances": [
        {
          "index_key": 0,
          "schema_version": 1,
          "attributes": {
            "can_ip_forward": false,
            "description": "",
            "disk": [
              {
                "auto_delete": true,
                "boot": true,
                "device_name": "persistent-disk-0",
                "disk_encryption_key": [],
                "disk_name": "",
                "disk_size_gb": 0,
                "disk_type": "pd-standard",
                "interface": "SCSI",
                "labels": null,
                "mode": "READ_WRITE",
                "source": "",
                "source_image": "projects/wired-co-123/global/images/vasten-2x",
                "type": "PERSISTENT"
              }
            ],
            "enable_display": null,
            "guest_accelerator": [],
            "id": "projects/wired-co-123/global/instanceTemplates/vasten5x-instance20200914083359595800000001",
            "instance_description": "",
            "labels": {
              "deployment_name": "vasten5x"
            },
            "machine_type": "n1-standard-1",
            "metadata": {
              "ssh-keys": "scriptvast3:ssh-rsa AAAAB3NzaC1yc2EAAAADAQABAAABAQDgMZeOu96FB7P2XwKejdlPJOej8T2z8fHMBJ3l+zEjVJ1SMf8B6NPFGnEMWgaHfMa0eebyAVa74YuSeIFrqdX5i4XKEF5xTvPhjW3utHYDzyGGnZuSzlIQdpVJtoYfHN2CmG/TBqtt/jboiJ/Hgc1qSDrKuRti3y0umScVfZlt/hvGx6BgdEeKx5kchlTsKlDZVMh0EO/w12j9HY3txrjnlyBaT1rUCHoZICKYSbAnS7N0nTzSDa5GK4AUdOKFqsiybzWoHex4H+BWNPhxJNf1jS2lLSa3Gq7oL7Qqn/wfcZntRpR92LxPLVlD5T8MHqfn59LC+hiEtEtBNZTnTp9h root@vasten-provisioning-instance\n"
            },
            "metadata_fingerprint": "vqLL7IWnJs8=",
            "metadata_startup_script": "sudo /bin/sleep 30 \u0026\u0026 sudo /bin/mkdir /home/mnt  \u0026\u0026 sudo /bin/mount -t nfs 54.146.80.175:/home/ec2-user/test /home/mnt \u0026\u0026 sudo /bin/chmod -R 777 /home/mnt ",
            "min_cpu_platform": "",
            "name": "vasten5x-instance20200914083359595800000001",
            "name_prefix": "vasten5x-instance",
            "network_interface": [
              {
                "access_config": [],
                "alias_ip_range": [],
                "name": "",
                "network": "https://www.googleapis.com/compute/v1/projects/wired-co-123/global/networks/vasten5x-network",
                "network_ip": "",
                "subnetwork": "https://www.googleapis.com/compute/v1/projects/wired-co-123/regions/us-west2/subnetworks/vasten5x-subnetwork-private",
                "subnetwork_project": "wired-co-123"
              }
            ],
            "project": "wired-co-123",
            "region": "us-west2",
            "scheduling": [
              {
                "automatic_restart": true,
                "node_affinities": [],
                "on_host_maintenance": "MIGRATE",
                "preemptible": false
              }
            ],
            "self_link": "https://www.googleapis.com/compute/beta/projects/wired-co-123/global/instanceTemplates/vasten5x-instance20200914083359595800000001",
            "service_account": [
              {
                "email": "default",
                "scopes": [
                  "https://www.googleapis.com/auth/cloud-platform"
                ]
              }
            ],
            "shielded_instance_config": [],
            "tags": [
              "vasten5x-no-ip"
            ],
            "tags_fingerprint": "",
            "timeouts": null
          },
          "private": "eyJlMmJmYjczMC1lY2FhLTExZTYtOGY4OC0zNDM2M2JjN2M0YzAiOnsiY3JlYXRlIjoyNDAwMDAwMDAwMDAsImRlbGV0ZSI6MjQwMDAwMDAwMDAwfSwic2NoZW1hX3ZlcnNpb24iOiIxIn0="
        }
      ]
    },
    {
      "mode": "managed",
      "type": "google_compute_route",
      "name": "router_ext",
      "each": "list",
      "provider": "provider.google",
      "instances": [
        {
          "index_key": 0,
          "schema_version": 0,
          "attributes": {
            "description": "",
            "dest_range": "0.0.0.0/0",
            "id": "projects/wired-co-123/global/routes/vasten5x-route",
            "name": "vasten5x-route",
            "network": "https://www.googleapis.com/compute/v1/projects/wired-co-123/global/networks/vasten5x-network",
            "next_hop_gateway": "",
            "next_hop_ilb": "",
            "next_hop_instance": "projects/wired-co-123/zones/us-west2-a/instances/vasten5x-nat-instance",
            "next_hop_instance_zone": "us-west2-a",
            "next_hop_ip": "",
            "next_hop_network": "",
            "next_hop_vpn_tunnel": "",
            "priority": 800,
            "project": "wired-co-123",
            "self_link": "https://www.googleapis.com/compute/v1/projects/wired-co-123/global/routes/vasten5x-route",
            "tags": [
              "vasten5x-no-ip"
            ],
            "timeouts": null
          },
          "private": "eyJlMmJmYjczMC1lY2FhLTExZTYtOGY4OC0zNDM2M2JjN2M0YzAiOnsiY3JlYXRlIjoyNDAwMDAwMDAwMDAsImRlbGV0ZSI6MjQwMDAwMDAwMDAwfX0=",
          "dependencies": [
            "google_compute_instance_group_manager.instance_group_manager_ext",
            "google_compute_instance_template.instance_template_ext"
          ]
        }
      ]
    },
    {
      "mode": "managed",
      "type": "null_resource",
      "name": "module_depends_on",
      "each": "list",
      "provider": "provider.null",
      "instances": [
        {
          "index_key": 0,
          "schema_version": 0,
          "attributes": {
            "id": "6801056187212900667",
            "triggers": null
          }
        }
      ]
    }
  ]
}
